// !$*UTF8*$!
{
	archiveVersion = 1;
	classes = {
	};
	objectVersion = 56;
	objects = {

/* Begin PBXBuildFile section */
		CA8E63E0292AA67E00CF0440 /* Weather.swift in Sources */ = {isa = PBXBuildFile; fileRef = CA8E63DF292AA67E00CF0440 /* Weather.swift */; };
		CA8E63F72930B23A00CF0440 /* SnakeCaseJSONDecoder.swift in Sources */ = {isa = PBXBuildFile; fileRef = CA8E63F62930B23A00CF0440 /* SnakeCaseJSONDecoder.swift */; };
		CA8E63F92930B9BC00CF0440 /* City.swift in Sources */ = {isa = PBXBuildFile; fileRef = CA8E63F82930B9BC00CF0440 /* City.swift */; };
		CA8E63FB2930BC9B00CF0440 /* Languages.swift in Sources */ = {isa = PBXBuildFile; fileRef = CA8E63FA2930BC9B00CF0440 /* Languages.swift */; };
		CA8E63FD2930C26800CF0440 /* LocationService.swift in Sources */ = {isa = PBXBuildFile; fileRef = CA8E63FC2930C26800CF0440 /* LocationService.swift */; };
		CA8E63FF2931062A00CF0440 /* SettingsViewController.swift in Sources */ = {isa = PBXBuildFile; fileRef = CA8E63FE2931062A00CF0440 /* SettingsViewController.swift */; };
		CA8E640129310EC400CF0440 /* UserSettings.swift in Sources */ = {isa = PBXBuildFile; fileRef = CA8E640029310EC400CF0440 /* UserSettings.swift */; };
		CAB83F852927CEC800BB1D30 /* CustomColors.swift in Sources */ = {isa = PBXBuildFile; fileRef = CAB83F842927CEC800BB1D30 /* CustomColors.swift */; };
		CAB83F89292A686700BB1D30 /* Keys.swift in Sources */ = {isa = PBXBuildFile; fileRef = CAB83F88292A686700BB1D30 /* Keys.swift */; };
		CAB83F8B292A6EDB00BB1D30 /* WeatherService.swift in Sources */ = {isa = PBXBuildFile; fileRef = CAB83F8A292A6EDB00BB1D30 /* WeatherService.swift */; };
		CAB83F8D292A875300BB1D30 /* WeatherViewController.swift in Sources */ = {isa = PBXBuildFile; fileRef = CAB83F8C292A875200BB1D30 /* WeatherViewController.swift */; };
		CACE542A2927C25100A37F5A /* AppDelegate.swift in Sources */ = {isa = PBXBuildFile; fileRef = CACE54292927C25100A37F5A /* AppDelegate.swift */; };
		CACE542C2927C25100A37F5A /* SceneDelegate.swift in Sources */ = {isa = PBXBuildFile; fileRef = CACE542B2927C25100A37F5A /* SceneDelegate.swift */; };
		CACE54312927C25100A37F5A /* Main.storyboard in Resources */ = {isa = PBXBuildFile; fileRef = CACE542F2927C25100A37F5A /* Main.storyboard */; };
		CACE54332927C25200A37F5A /* Assets.xcassets in Resources */ = {isa = PBXBuildFile; fileRef = CACE54322927C25200A37F5A /* Assets.xcassets */; };
		CACE54362927C25200A37F5A /* LaunchScreen.storyboard in Resources */ = {isa = PBXBuildFile; fileRef = CACE54342927C25200A37F5A /* LaunchScreen.storyboard */; };
		CACE54412927C25200A37F5A /* Le_BaluchonTests.swift in Sources */ = {isa = PBXBuildFile; fileRef = CACE54402927C25200A37F5A /* Le_BaluchonTests.swift */; };
/* End PBXBuildFile section */

/* Begin PBXContainerItemProxy section */
		CACE543D2927C25200A37F5A /* PBXContainerItemProxy */ = {
			isa = PBXContainerItemProxy;
			containerPortal = CACE541E2927C25100A37F5A /* Project object */;
			proxyType = 1;
			remoteGlobalIDString = CACE54252927C25100A37F5A;
			remoteInfo = "Le Baluchon";
		};
/* End PBXContainerItemProxy section */

/* Begin PBXFileReference section */
		CA8E63DF292AA67E00CF0440 /* Weather.swift */ = {isa = PBXFileReference; lastKnownFileType = sourcecode.swift; path = Weather.swift; sourceTree = "<group>"; };
		CA8E63F62930B23A00CF0440 /* SnakeCaseJSONDecoder.swift */ = {isa = PBXFileReference; lastKnownFileType = sourcecode.swift; path = SnakeCaseJSONDecoder.swift; sourceTree = "<group>"; };
		CA8E63F82930B9BC00CF0440 /* City.swift */ = {isa = PBXFileReference; lastKnownFileType = sourcecode.swift; path = City.swift; sourceTree = "<group>"; };
		CA8E63FA2930BC9B00CF0440 /* Languages.swift */ = {isa = PBXFileReference; lastKnownFileType = sourcecode.swift; path = Languages.swift; sourceTree = "<group>"; };
		CA8E63FC2930C26800CF0440 /* LocationService.swift */ = {isa = PBXFileReference; lastKnownFileType = sourcecode.swift; path = LocationService.swift; sourceTree = "<group>"; };
		CA8E63FE2931062A00CF0440 /* SettingsViewController.swift */ = {isa = PBXFileReference; lastKnownFileType = sourcecode.swift; path = SettingsViewController.swift; sourceTree = "<group>"; };
		CA8E640029310EC400CF0440 /* UserSettings.swift */ = {isa = PBXFileReference; lastKnownFileType = sourcecode.swift; path = UserSettings.swift; sourceTree = "<group>"; };
		CAB83F7F2927C89000BB1D30 /* Info.plist */ = {isa = PBXFileReference; lastKnownFileType = text.plist.xml; name = Info.plist; path = "Le Baluchon/Supporting Files/Info.plist"; sourceTree = SOURCE_ROOT; };
		CAB83F842927CEC800BB1D30 /* CustomColors.swift */ = {isa = PBXFileReference; lastKnownFileType = sourcecode.swift; path = CustomColors.swift; sourceTree = "<group>"; };
		CAB83F88292A686700BB1D30 /* Keys.swift */ = {isa = PBXFileReference; lastKnownFileType = sourcecode.swift; path = Keys.swift; sourceTree = "<group>"; };
		CAB83F8A292A6EDB00BB1D30 /* WeatherService.swift */ = {isa = PBXFileReference; lastKnownFileType = sourcecode.swift; path = WeatherService.swift; sourceTree = "<group>"; };
		CAB83F8C292A875200BB1D30 /* WeatherViewController.swift */ = {isa = PBXFileReference; lastKnownFileType = sourcecode.swift; path = WeatherViewController.swift; sourceTree = "<group>"; };
		CACE54262927C25100A37F5A /* Le Baluchon.app */ = {isa = PBXFileReference; explicitFileType = wrapper.application; includeInIndex = 0; path = "Le Baluchon.app"; sourceTree = BUILT_PRODUCTS_DIR; };
		CACE54292927C25100A37F5A /* AppDelegate.swift */ = {isa = PBXFileReference; lastKnownFileType = sourcecode.swift; path = AppDelegate.swift; sourceTree = "<group>"; };
		CACE542B2927C25100A37F5A /* SceneDelegate.swift */ = {isa = PBXFileReference; lastKnownFileType = sourcecode.swift; path = SceneDelegate.swift; sourceTree = "<group>"; };
		CACE54302927C25100A37F5A /* Base */ = {isa = PBXFileReference; lastKnownFileType = file.storyboard; name = Base; path = Base.lproj/Main.storyboard; sourceTree = "<group>"; };
		CACE54322927C25200A37F5A /* Assets.xcassets */ = {isa = PBXFileReference; lastKnownFileType = folder.assetcatalog; path = Assets.xcassets; sourceTree = "<group>"; };
		CACE54352927C25200A37F5A /* Base */ = {isa = PBXFileReference; lastKnownFileType = file.storyboard; name = Base; path = Base.lproj/LaunchScreen.storyboard; sourceTree = "<group>"; };
		CACE543C2927C25200A37F5A /* Le BaluchonTests.xctest */ = {isa = PBXFileReference; explicitFileType = wrapper.cfbundle; includeInIndex = 0; path = "Le BaluchonTests.xctest"; sourceTree = BUILT_PRODUCTS_DIR; };
		CACE54402927C25200A37F5A /* Le_BaluchonTests.swift */ = {isa = PBXFileReference; lastKnownFileType = sourcecode.swift; path = Le_BaluchonTests.swift; sourceTree = "<group>"; };
/* End PBXFileReference section */

/* Begin PBXFrameworksBuildPhase section */
		CACE54232927C25100A37F5A /* Frameworks */ = {
			isa = PBXFrameworksBuildPhase;
			buildActionMask = 2147483647;
			files = (
			);
			runOnlyForDeploymentPostprocessing = 0;
		};
		CACE54392927C25200A37F5A /* Frameworks */ = {
			isa = PBXFrameworksBuildPhase;
			buildActionMask = 2147483647;
			files = (
			);
			runOnlyForDeploymentPostprocessing = 0;
		};
/* End PBXFrameworksBuildPhase section */

/* Begin PBXGroup section */
		CACE541D2927C25100A37F5A = {
			isa = PBXGroup;
			children = (
				CACE54282927C25100A37F5A /* Le Baluchon */,
				CACE543F2927C25200A37F5A /* Le BaluchonTests */,
				CACE54272927C25100A37F5A /* Products */,
			);
			sourceTree = "<group>";
		};
		CACE54272927C25100A37F5A /* Products */ = {
			isa = PBXGroup;
			children = (
				CACE54262927C25100A37F5A /* Le Baluchon.app */,
				CACE543C2927C25200A37F5A /* Le BaluchonTests.xctest */,
			);
			name = Products;
			sourceTree = "<group>";
		};
		CACE54282927C25100A37F5A /* Le Baluchon */ = {
			isa = PBXGroup;
			children = (
				CACE545C2927C33A00A37F5A /* Repositories */,
				CACE54592927C31400A37F5A /* Models */,
				CACE545A2927C31E00A37F5A /* ViewControllers */,
				CACE545B2927C32D00A37F5A /* Views */,
				CACE545D2927C37800A37F5A /* Supporting Files */,
			);
			path = "Le Baluchon";
			sourceTree = "<group>";
		};
		CACE543F2927C25200A37F5A /* Le BaluchonTests */ = {
			isa = PBXGroup;
			children = (
				CACE54402927C25200A37F5A /* Le_BaluchonTests.swift */,
			);
			path = "Le BaluchonTests";
			sourceTree = "<group>";
		};
		CACE54592927C31400A37F5A /* Models */ = {
			isa = PBXGroup;
			children = (
				CA8E63DF292AA67E00CF0440 /* Weather.swift */,
				CA8E640029310EC400CF0440 /* UserSettings.swift */,
				CA8E63FA2930BC9B00CF0440 /* Languages.swift */,
				CA8E63F82930B9BC00CF0440 /* City.swift */,
			);
			path = Models;
			sourceTree = "<group>";
		};
		CACE545A2927C31E00A37F5A /* ViewControllers */ = {
			isa = PBXGroup;
			children = (
				CAB83F8C292A875200BB1D30 /* WeatherViewController.swift */,
				CA8E63FE2931062A00CF0440 /* SettingsViewController.swift */,
			);
			path = ViewControllers;
			sourceTree = "<group>";
		};
		CACE545B2927C32D00A37F5A /* Views */ = {
			isa = PBXGroup;
			children = (
				CACE54342927C25200A37F5A /* LaunchScreen.storyboard */,
				CACE542F2927C25100A37F5A /* Main.storyboard */,
			);
			path = Views;
			sourceTree = "<group>";
		};
		CACE545C2927C33A00A37F5A /* Repositories */ = {
			isa = PBXGroup;
			children = (
				CAB83F8A292A6EDB00BB1D30 /* WeatherService.swift */,
				CA8E63FC2930C26800CF0440 /* LocationService.swift */,
				CA8E63F62930B23A00CF0440 /* SnakeCaseJSONDecoder.swift */,
				CAB83F88292A686700BB1D30 /* Keys.swift */,
			);
			path = Repositories;
			sourceTree = "<group>";
		};
		CACE545D2927C37800A37F5A /* Supporting Files */ = {
			isa = PBXGroup;
			children = (
				CAB83F7F2927C89000BB1D30 /* Info.plist */,
				CACE54292927C25100A37F5A /* AppDelegate.swift */,
				CACE542B2927C25100A37F5A /* SceneDelegate.swift */,
				CAB83F842927CEC800BB1D30 /* CustomColors.swift */,
				CACE54322927C25200A37F5A /* Assets.xcassets */,
			);
			path = "Supporting Files";
			sourceTree = "<group>";
		};
/* End PBXGroup section */

/* Begin PBXNativeTarget section */
		CACE54252927C25100A37F5A /* Le Baluchon */ = {
			isa = PBXNativeTarget;
			buildConfigurationList = CACE54502927C25200A37F5A /* Build configuration list for PBXNativeTarget "Le Baluchon" */;
			buildPhases = (
				CACE54222927C25100A37F5A /* Sources */,
				CACE54232927C25100A37F5A /* Frameworks */,
				CACE54242927C25100A37F5A /* Resources */,
				CACE545E2927C50D00A37F5A /* ShellScript */,
			);
			buildRules = (
			);
			dependencies = (
			);
			name = "Le Baluchon";
			productName = "Le Baluchon";
			productReference = CACE54262927C25100A37F5A /* Le Baluchon.app */;
			productType = "com.apple.product-type.application";
		};
		CACE543B2927C25200A37F5A /* Le BaluchonTests */ = {
			isa = PBXNativeTarget;
			buildConfigurationList = CACE54532927C25200A37F5A /* Build configuration list for PBXNativeTarget "Le BaluchonTests" */;
			buildPhases = (
				CACE54382927C25200A37F5A /* Sources */,
				CACE54392927C25200A37F5A /* Frameworks */,
				CACE543A2927C25200A37F5A /* Resources */,
			);
			buildRules = (
			);
			dependencies = (
				CACE543E2927C25200A37F5A /* PBXTargetDependency */,
			);
			name = "Le BaluchonTests";
			productName = "Le BaluchonTests";
			productReference = CACE543C2927C25200A37F5A /* Le BaluchonTests.xctest */;
			productType = "com.apple.product-type.bundle.unit-test";
		};
/* End PBXNativeTarget section */

/* Begin PBXProject section */
		CACE541E2927C25100A37F5A /* Project object */ = {
			isa = PBXProject;
			attributes = {
				BuildIndependentTargetsInParallel = 1;
				LastSwiftUpdateCheck = 1400;
				LastUpgradeCheck = 1400;
				TargetAttributes = {
					CACE54252927C25100A37F5A = {
						CreatedOnToolsVersion = 14.0.1;
					};
					CACE543B2927C25200A37F5A = {
						CreatedOnToolsVersion = 14.0.1;
						TestTargetID = CACE54252927C25100A37F5A;
					};
				};
			};
			buildConfigurationList = CACE54212927C25100A37F5A /* Build configuration list for PBXProject "Le Baluchon" */;
			compatibilityVersion = "Xcode 14.0";
			developmentRegion = en;
			hasScannedForEncodings = 0;
			knownRegions = (
				en,
				Base,
			);
			mainGroup = CACE541D2927C25100A37F5A;
			productRefGroup = CACE54272927C25100A37F5A /* Products */;
			projectDirPath = "";
			projectRoot = "";
			targets = (
				CACE54252927C25100A37F5A /* Le Baluchon */,
				CACE543B2927C25200A37F5A /* Le BaluchonTests */,
			);
		};
/* End PBXProject section */

/* Begin PBXResourcesBuildPhase section */
		CACE54242927C25100A37F5A /* Resources */ = {
			isa = PBXResourcesBuildPhase;
			buildActionMask = 2147483647;
			files = (
				CACE54362927C25200A37F5A /* LaunchScreen.storyboard in Resources */,
				CACE54332927C25200A37F5A /* Assets.xcassets in Resources */,
				CACE54312927C25100A37F5A /* Main.storyboard in Resources */,
			);
			runOnlyForDeploymentPostprocessing = 0;
		};
		CACE543A2927C25200A37F5A /* Resources */ = {
			isa = PBXResourcesBuildPhase;
			buildActionMask = 2147483647;
			files = (
			);
			runOnlyForDeploymentPostprocessing = 0;
		};
/* End PBXResourcesBuildPhase section */

/* Begin PBXShellScriptBuildPhase section */
		CACE545E2927C50D00A37F5A /* ShellScript */ = {
			isa = PBXShellScriptBuildPhase;
			buildActionMask = 2147483647;
			files = (
			);
			inputFileListPaths = (
			);
			inputPaths = (
			);
			outputFileListPaths = (
			);
			outputPaths = (
			);
			runOnlyForDeploymentPostprocessing = 0;
			shellPath = /bin/sh;
			shellScript = "export PATH=\"$PATH:/opt/homebrew/bin\"\nif which swiftlint > /dev/null; then\n  swiftlint\nelse\n  echo \"warning: SwiftLint not installed, download from https://github.com/realm/SwiftLint\"\nfi\n";
		};
/* End PBXShellScriptBuildPhase section */

/* Begin PBXSourcesBuildPhase section */
		CACE54222927C25100A37F5A /* Sources */ = {
			isa = PBXSourcesBuildPhase;
			buildActionMask = 2147483647;
			files = (
				CA8E63E0292AA67E00CF0440 /* Weather.swift in Sources */,
				CAB83F89292A686700BB1D30 /* Keys.swift in Sources */,
				CA8E63F92930B9BC00CF0440 /* City.swift in Sources */,
				CACE542A2927C25100A37F5A /* AppDelegate.swift in Sources */,
				CA8E640129310EC400CF0440 /* UserSettings.swift in Sources */,
				CA8E63F72930B23A00CF0440 /* SnakeCaseJSONDecoder.swift in Sources */,
				CA8E63FB2930BC9B00CF0440 /* Languages.swift in Sources */,
				CA8E63FD2930C26800CF0440 /* LocationService.swift in Sources */,
				CAB83F852927CEC800BB1D30 /* CustomColors.swift in Sources */,
				CAB83F8D292A875300BB1D30 /* WeatherViewController.swift in Sources */,
				CACE542C2927C25100A37F5A /* SceneDelegate.swift in Sources */,
				CAB83F8B292A6EDB00BB1D30 /* WeatherService.swift in Sources */,
				CA8E63FF2931062A00CF0440 /* SettingsViewController.swift in Sources */,
			);
			runOnlyForDeploymentPostprocessing = 0;
		};
		CACE54382927C25200A37F5A /* Sources */ = {
			isa = PBXSourcesBuildPhase;
			buildActionMask = 2147483647;
			files = (
				CACE54412927C25200A37F5A /* Le_BaluchonTests.swift in Sources */,
			);
			runOnlyForDeploymentPostprocessing = 0;
		};
/* End PBXSourcesBuildPhase section */

/* Begin PBXTargetDependency section */
		CACE543E2927C25200A37F5A /* PBXTargetDependency */ = {
			isa = PBXTargetDependency;
			target = CACE54252927C25100A37F5A /* Le Baluchon */;
			targetProxy = CACE543D2927C25200A37F5A /* PBXContainerItemProxy */;
		};
/* End PBXTargetDependency section */

/* Begin PBXVariantGroup section */
		CACE542F2927C25100A37F5A /* Main.storyboard */ = {
			isa = PBXVariantGroup;
			children = (
				CACE54302927C25100A37F5A /* Base */,
			);
			name = Main.storyboard;
			sourceTree = "<group>";
		};
		CACE54342927C25200A37F5A /* LaunchScreen.storyboard */ = {
			isa = PBXVariantGroup;
			children = (
				CACE54352927C25200A37F5A /* Base */,
			);
			name = LaunchScreen.storyboard;
			sourceTree = "<group>";
		};
/* End PBXVariantGroup section */

/* Begin XCBuildConfiguration section */
		CACE544E2927C25200A37F5A /* Debug */ = {
			isa = XCBuildConfiguration;
			buildSettings = {
				ALWAYS_SEARCH_USER_PATHS = NO;
				CLANG_ANALYZER_NONNULL = YES;
				CLANG_ANALYZER_NUMBER_OBJECT_CONVERSION = YES_AGGRESSIVE;
				CLANG_CXX_LANGUAGE_STANDARD = "gnu++20";
				CLANG_ENABLE_MODULES = YES;
				CLANG_ENABLE_OBJC_ARC = YES;
				CLANG_ENABLE_OBJC_WEAK = YES;
				CLANG_WARN_BLOCK_CAPTURE_AUTORELEASING = YES;
				CLANG_WARN_BOOL_CONVERSION = YES;
				CLANG_WARN_COMMA = YES;
				CLANG_WARN_CONSTANT_CONVERSION = YES;
				CLANG_WARN_DEPRECATED_OBJC_IMPLEMENTATIONS = YES;
				CLANG_WARN_DIRECT_OBJC_ISA_USAGE = YES_ERROR;
				CLANG_WARN_DOCUMENTATION_COMMENTS = YES;
				CLANG_WARN_EMPTY_BODY = YES;
				CLANG_WARN_ENUM_CONVERSION = YES;
				CLANG_WARN_INFINITE_RECURSION = YES;
				CLANG_WARN_INT_CONVERSION = YES;
				CLANG_WARN_NON_LITERAL_NULL_CONVERSION = YES;
				CLANG_WARN_OBJC_IMPLICIT_RETAIN_SELF = YES;
				CLANG_WARN_OBJC_LITERAL_CONVERSION = YES;
				CLANG_WARN_OBJC_ROOT_CLASS = YES_ERROR;
				CLANG_WARN_QUOTED_INCLUDE_IN_FRAMEWORK_HEADER = YES;
				CLANG_WARN_RANGE_LOOP_ANALYSIS = YES;
				CLANG_WARN_STRICT_PROTOTYPES = YES;
				CLANG_WARN_SUSPICIOUS_MOVE = YES;
				CLANG_WARN_UNGUARDED_AVAILABILITY = YES_AGGRESSIVE;
				CLANG_WARN_UNREACHABLE_CODE = YES;
				CLANG_WARN__DUPLICATE_METHOD_MATCH = YES;
				COPY_PHASE_STRIP = NO;
				DEBUG_INFORMATION_FORMAT = dwarf;
				ENABLE_STRICT_OBJC_MSGSEND = YES;
				ENABLE_TESTABILITY = YES;
				GCC_C_LANGUAGE_STANDARD = gnu11;
				GCC_DYNAMIC_NO_PIC = NO;
				GCC_NO_COMMON_BLOCKS = YES;
				GCC_OPTIMIZATION_LEVEL = 0;
				GCC_PREPROCESSOR_DEFINITIONS = (
					"DEBUG=1",
					"$(inherited)",
				);
				GCC_WARN_64_TO_32_BIT_CONVERSION = YES;
				GCC_WARN_ABOUT_RETURN_TYPE = YES_ERROR;
				GCC_WARN_UNDECLARED_SELECTOR = YES;
				GCC_WARN_UNINITIALIZED_AUTOS = YES_AGGRESSIVE;
				GCC_WARN_UNUSED_FUNCTION = YES;
				GCC_WARN_UNUSED_VARIABLE = YES;
				IPHONEOS_DEPLOYMENT_TARGET = 16.0;
				MTL_ENABLE_DEBUG_INFO = INCLUDE_SOURCE;
				MTL_FAST_MATH = YES;
				ONLY_ACTIVE_ARCH = YES;
				SDKROOT = iphoneos;
				SWIFT_ACTIVE_COMPILATION_CONDITIONS = DEBUG;
				SWIFT_OPTIMIZATION_LEVEL = "-Onone";
			};
			name = Debug;
		};
		CACE544F2927C25200A37F5A /* Release */ = {
			isa = XCBuildConfiguration;
			buildSettings = {
				ALWAYS_SEARCH_USER_PATHS = NO;
				CLANG_ANALYZER_NONNULL = YES;
				CLANG_ANALYZER_NUMBER_OBJECT_CONVERSION = YES_AGGRESSIVE;
				CLANG_CXX_LANGUAGE_STANDARD = "gnu++20";
				CLANG_ENABLE_MODULES = YES;
				CLANG_ENABLE_OBJC_ARC = YES;
				CLANG_ENABLE_OBJC_WEAK = YES;
				CLANG_WARN_BLOCK_CAPTURE_AUTORELEASING = YES;
				CLANG_WARN_BOOL_CONVERSION = YES;
				CLANG_WARN_COMMA = YES;
				CLANG_WARN_CONSTANT_CONVERSION = YES;
				CLANG_WARN_DEPRECATED_OBJC_IMPLEMENTATIONS = YES;
				CLANG_WARN_DIRECT_OBJC_ISA_USAGE = YES_ERROR;
				CLANG_WARN_DOCUMENTATION_COMMENTS = YES;
				CLANG_WARN_EMPTY_BODY = YES;
				CLANG_WARN_ENUM_CONVERSION = YES;
				CLANG_WARN_INFINITE_RECURSION = YES;
				CLANG_WARN_INT_CONVERSION = YES;
				CLANG_WARN_NON_LITERAL_NULL_CONVERSION = YES;
				CLANG_WARN_OBJC_IMPLICIT_RETAIN_SELF = YES;
				CLANG_WARN_OBJC_LITERAL_CONVERSION = YES;
				CLANG_WARN_OBJC_ROOT_CLASS = YES_ERROR;
				CLANG_WARN_QUOTED_INCLUDE_IN_FRAMEWORK_HEADER = YES;
				CLANG_WARN_RANGE_LOOP_ANALYSIS = YES;
				CLANG_WARN_STRICT_PROTOTYPES = YES;
				CLANG_WARN_SUSPICIOUS_MOVE = YES;
				CLANG_WARN_UNGUARDED_AVAILABILITY = YES_AGGRESSIVE;
				CLANG_WARN_UNREACHABLE_CODE = YES;
				CLANG_WARN__DUPLICATE_METHOD_MATCH = YES;
				COPY_PHASE_STRIP = NO;
				DEBUG_INFORMATION_FORMAT = "dwarf-with-dsym";
				ENABLE_NS_ASSERTIONS = NO;
				ENABLE_STRICT_OBJC_MSGSEND = YES;
				GCC_C_LANGUAGE_STANDARD = gnu11;
				GCC_NO_COMMON_BLOCKS = YES;
				GCC_WARN_64_TO_32_BIT_CONVERSION = YES;
				GCC_WARN_ABOUT_RETURN_TYPE = YES_ERROR;
				GCC_WARN_UNDECLARED_SELECTOR = YES;
				GCC_WARN_UNINITIALIZED_AUTOS = YES_AGGRESSIVE;
				GCC_WARN_UNUSED_FUNCTION = YES;
				GCC_WARN_UNUSED_VARIABLE = YES;
				IPHONEOS_DEPLOYMENT_TARGET = 16.0;
				MTL_ENABLE_DEBUG_INFO = NO;
				MTL_FAST_MATH = YES;
				SDKROOT = iphoneos;
				SWIFT_COMPILATION_MODE = wholemodule;
				SWIFT_OPTIMIZATION_LEVEL = "-O";
				VALIDATE_PRODUCT = YES;
			};
			name = Release;
		};
		CACE54512927C25200A37F5A /* Debug */ = {
			isa = XCBuildConfiguration;
			buildSettings = {
				ASSETCATALOG_COMPILER_APPICON_NAME = AppIcon;
				ASSETCATALOG_COMPILER_GLOBAL_ACCENT_COLOR_NAME = AccentColor;
				CODE_SIGN_STYLE = Automatic;
				CURRENT_PROJECT_VERSION = 1;
				DEVELOPMENT_TEAM = 3SQYF6L285;
				GENERATE_INFOPLIST_FILE = YES;
				INFOPLIST_FILE = "Le Baluchon/Supporting Files/Info.plist";
				INFOPLIST_KEY_UIApplicationSupportsIndirectInputEvents = YES;
				INFOPLIST_KEY_UILaunchStoryboardName = LaunchScreen;
				INFOPLIST_KEY_UIMainStoryboardFile = Main;
				INFOPLIST_KEY_UISupportedInterfaceOrientations = UIInterfaceOrientationPortrait;
				IPHONEOS_DEPLOYMENT_TARGET = 14.0;
				LD_RUNPATH_SEARCH_PATHS = (
					"$(inherited)",
					"@executable_path/Frameworks",
				);
				MARKETING_VERSION = 1.0;
				PRODUCT_BUNDLE_IDENTIFIER = "com.maximepoint.Le-Baluchon";
				PRODUCT_NAME = "$(TARGET_NAME)";
				SWIFT_EMIT_LOC_STRINGS = YES;
				SWIFT_VERSION = 5.0;
				TARGETED_DEVICE_FAMILY = "1,2";
			};
			name = Debug;
		};
		CACE54522927C25200A37F5A /* Release */ = {
			isa = XCBuildConfiguration;
			buildSettings = {
				ASSETCATALOG_COMPILER_APPICON_NAME = AppIcon;
				ASSETCATALOG_COMPILER_GLOBAL_ACCENT_COLOR_NAME = AccentColor;
				CODE_SIGN_STYLE = Automatic;
				CURRENT_PROJECT_VERSION = 1;
				DEVELOPMENT_TEAM = 3SQYF6L285;
				GENERATE_INFOPLIST_FILE = YES;
				INFOPLIST_FILE = "Le Baluchon/Supporting Files/Info.plist";
				INFOPLIST_KEY_UIApplicationSupportsIndirectInputEvents = YES;
				INFOPLIST_KEY_UILaunchStoryboardName = LaunchScreen;
				INFOPLIST_KEY_UIMainStoryboardFile = Main;
				INFOPLIST_KEY_UISupportedInterfaceOrientations = UIInterfaceOrientationPortrait;
				IPHONEOS_DEPLOYMENT_TARGET = 14.0;
				LD_RUNPATH_SEARCH_PATHS = (
					"$(inherited)",
					"@executable_path/Frameworks",
				);
				MARKETING_VERSION = 1.0;
				PRODUCT_BUNDLE_IDENTIFIER = "com.maximepoint.Le-Baluchon";
				PRODUCT_NAME = "$(TARGET_NAME)";
				SWIFT_EMIT_LOC_STRINGS = YES;
				SWIFT_VERSION = 5.0;
				TARGETED_DEVICE_FAMILY = "1,2";
			};
			name = Release;
		};
		CACE54542927C25200A37F5A /* Debug */ = {
			isa = XCBuildConfiguration;
			buildSettings = {
				ALWAYS_EMBED_SWIFT_STANDARD_LIBRARIES = YES;
				BUNDLE_LOADER = "$(TEST_HOST)";
				CODE_SIGN_STYLE = Automatic;
				CURRENT_PROJECT_VERSION = 1;
				DEVELOPMENT_TEAM = 3SQYF6L285;
				GENERATE_INFOPLIST_FILE = YES;
				IPHONEOS_DEPLOYMENT_TARGET = 16.0;
				MARKETING_VERSION = 1.0;
				PRODUCT_BUNDLE_IDENTIFIER = "com.maximepoint.Le-BaluchonTests";
				PRODUCT_NAME = "$(TARGET_NAME)";
				SWIFT_EMIT_LOC_STRINGS = NO;
				SWIFT_VERSION = 5.0;
				TARGETED_DEVICE_FAMILY = "1,2";
				TEST_HOST = "$(BUILT_PRODUCTS_DIR)/Le Baluchon.app/$(BUNDLE_EXECUTABLE_FOLDER_PATH)/Le Baluchon";
			};
			name = Debug;
		};
		CACE54552927C25200A37F5A /* Release */ = {
			isa = XCBuildConfiguration;
			buildSettings = {
				ALWAYS_EMBED_SWIFT_STANDARD_LIBRARIES = YES;
				BUNDLE_LOADER = "$(TEST_HOST)";
				CODE_SIGN_STYLE = Automatic;
				CURRENT_PROJECT_VERSION = 1;
				DEVELOPMENT_TEAM = 3SQYF6L285;
				GENERATE_INFOPLIST_FILE = YES;
				IPHONEOS_DEPLOYMENT_TARGET = 16.0;
				MARKETING_VERSION = 1.0;
				PRODUCT_BUNDLE_IDENTIFIER = "com.maximepoint.Le-BaluchonTests";
				PRODUCT_NAME = "$(TARGET_NAME)";
				SWIFT_EMIT_LOC_STRINGS = NO;
				SWIFT_VERSION = 5.0;
				TARGETED_DEVICE_FAMILY = "1,2";
				TEST_HOST = "$(BUILT_PRODUCTS_DIR)/Le Baluchon.app/$(BUNDLE_EXECUTABLE_FOLDER_PATH)/Le Baluchon";
			};
			name = Release;
		};
/* End XCBuildConfiguration section */

/* Begin XCConfigurationList section */
		CACE54212927C25100A37F5A /* Build configuration list for PBXProject "Le Baluchon" */ = {
			isa = XCConfigurationList;
			buildConfigurations = (
				CACE544E2927C25200A37F5A /* Debug */,
				CACE544F2927C25200A37F5A /* Release */,
			);
			defaultConfigurationIsVisible = 0;
			defaultConfigurationName = Release;
		};
		CACE54502927C25200A37F5A /* Build configuration list for PBXNativeTarget "Le Baluchon" */ = {
			isa = XCConfigurationList;
			buildConfigurations = (
				CACE54512927C25200A37F5A /* Debug */,
				CACE54522927C25200A37F5A /* Release */,
			);
			defaultConfigurationIsVisible = 0;
			defaultConfigurationName = Release;
		};
		CACE54532927C25200A37F5A /* Build configuration list for PBXNativeTarget "Le BaluchonTests" */ = {
			isa = XCConfigurationList;
			buildConfigurations = (
				CACE54542927C25200A37F5A /* Debug */,
				CACE54552927C25200A37F5A /* Release */,
			);
			defaultConfigurationIsVisible = 0;
			defaultConfigurationName = Release;
		};
/* End XCConfigurationList section */
	};
	rootObject = CACE541E2927C25100A37F5A /* Project object */;
}
